
Microsoft Visual Studio Solution File, Format Version 12.00
# Visual Studio 15
VisualStudioVersion = 15.0.27130.2010
MinimumVisualStudioVersion = 10.0.40219.1
Project("{FAE04EC0-301F-11D3-BF4B-00C04F79EFBC}") = "Sort Even Numbers", "Sort Even Numbers\Sort Even Numbers.csproj", "{FA74FA94-27F0-4D5E-94AE-76224C5BF375}"
EndProject
Project("{FAE04EC0-301F-11D3-BF4B-00C04F79EFBC}") = "2 Sum Numbers", "2 Sum Numbers\2 Sum Numbers.csproj", "{B8D41D0E-5239-418C-9A98-226695156E9D}"
EndProject
Project("{FAE04EC0-301F-11D3-BF4B-00C04F79EFBC}") = "3 Count Uppercase Words", "3 Count Uppercase Words\3 Count Uppercase Words.csproj", "{20360E06-412B-4482-BE28-818CCDE3BFC0}"
EndProject
Project("{FAE04EC0-301F-11D3-BF4B-00C04F79EFBC}") = "4 Add VAT", "4 Add VAT\4 Add VAT.csproj", "{6C5C6EE3-9768-4361-9AB3-72474AD7ECC7}"
EndProject
Project("{FAE04EC0-301F-11D3-BF4B-00C04F79EFBC}") = "5 Filter by Age", "5 Filter by Age\5 Filter by Age.csproj", "{743618A7-0001-42AF-8102-B973C7FDE05C}"
EndProject
Global
	GlobalSection(SolutionConfigurationPlatforms) = preSolution
		Debug|Any CPU = Debug|Any CPU
		Release|Any CPU = Release|Any CPU
	EndGlobalSection
	GlobalSection(ProjectConfigurationPlatforms) = postSolution
		{FA74FA94-27F0-4D5E-94AE-76224C5BF375}.Debug|Any CPU.ActiveCfg = Debug|Any CPU
		{FA74FA94-27F0-4D5E-94AE-76224C5BF375}.Debug|Any CPU.Build.0 = Debug|Any CPU
		{FA74FA94-27F0-4D5E-94AE-76224C5BF375}.Release|Any CPU.ActiveCfg = Release|Any CPU
		{FA74FA94-27F0-4D5E-94AE-76224C5BF375}.Release|Any CPU.Build.0 = Release|Any CPU
		{B8D41D0E-5239-418C-9A98-226695156E9D}.Debug|Any CPU.ActiveCfg = Debug|Any CPU
		{B8D41D0E-5239-418C-9A98-226695156E9D}.Debug|Any CPU.Build.0 = Debug|Any CPU
		{B8D41D0E-5239-418C-9A98-226695156E9D}.Release|Any CPU.ActiveCfg = Release|Any CPU
		{B8D41D0E-5239-418C-9A98-226695156E9D}.Release|Any CPU.Build.0 = Release|Any CPU
		{20360E06-412B-4482-BE28-818CCDE3BFC0}.Debug|Any CPU.ActiveCfg = Debug|Any CPU
		{20360E06-412B-4482-BE28-818CCDE3BFC0}.Debug|Any CPU.Build.0 = Debug|Any CPU
		{20360E06-412B-4482-BE28-818CCDE3BFC0}.Release|Any CPU.ActiveCfg = Release|Any CPU
		{20360E06-412B-4482-BE28-818CCDE3BFC0}.Release|Any CPU.Build.0 = Release|Any CPU
		{6C5C6EE3-9768-4361-9AB3-72474AD7ECC7}.Debug|Any CPU.ActiveCfg = Debug|Any CPU
		{6C5C6EE3-9768-4361-9AB3-72474AD7ECC7}.Debug|Any CPU.Build.0 = Debug|Any CPU
		{6C5C6EE3-9768-4361-9AB3-72474AD7ECC7}.Release|Any CPU.ActiveCfg = Release|Any CPU
		{6C5C6EE3-9768-4361-9AB3-72474AD7ECC7}.Release|Any CPU.Build.0 = Release|Any CPU
		{743618A7-0001-42AF-8102-B973C7FDE05C}.Debug|Any CPU.ActiveCfg = Debug|Any CPU
		{743618A7-0001-42AF-8102-B973C7FDE05C}.Debug|Any CPU.Build.0 = Debug|Any CPU
		{743618A7-0001-42AF-8102-B973C7FDE05C}.Release|Any CPU.ActiveCfg = Release|Any CPU
		{743618A7-0001-42AF-8102-B973C7FDE05C}.Release|Any CPU.Build.0 = Release|Any CPU
	EndGlobalSection
	GlobalSection(SolutionProperties) = preSolution
		HideSolutionNode = FALSE
	EndGlobalSection
	GlobalSection(ExtensibilityGlobals) = postSolution
		SolutionGuid = {23ACF209-CB2F-4063-93A0-2C9DB57CE4D7}
	EndGlobalSection
EndGlobal
